
Microsoft Visual Studio Solution File, Format Version 12.00
# Visual Studio 14
VisualStudioVersion = 14.0.25420.1
MinimumVisualStudioVersion = 10.0.40219.1
Project("{FAE04EC0-301F-11D3-BF4B-00C04F79EFBC}") = "PokeConf.App", "PokeConf.App\PokeConf.App\PokeConf.App.csproj", "{FF0AB5C1-A352-46B1-A574-BD0CC87FC13A}"
EndProject
Project("{FAE04EC0-301F-11D3-BF4B-00C04F79EFBC}") = "PokeConf.App.Android", "PokeConf.App\PokeConf.App.Android\PokeConf.App.Android.csproj", "{D8E74469-B315-4389-A7AC-3AF11EC0DBB6}"
EndProject
Project("{FAE04EC0-301F-11D3-BF4B-00C04F79EFBC}") = "PokeConf.App.iOS", "PokeConf.App\PokeConf.App.iOS\PokeConf.App.iOS.csproj", "{F2284A68-AFB5-4700-898C-1A4FAA9A3917}"
EndProject
Project("{FAE04EC0-301F-11D3-BF4B-00C04F79EFBC}") = "PokeConf.App.UWP", "PokeConf.App\PokeConf.App.UWP\PokeConf.App.UWP.csproj", "{3086067E-A420-447E-B7C9-625319BE19FE}"
EndProject
Project("{2150E333-8FDC-42A3-9474-1A3956D46DE8}") = "UI", "UI", "{3CF2D703-7757-4289-AFE9-EB09C56BCCDC}"
EndProject
Project("{2150E333-8FDC-42A3-9474-1A3956D46DE8}") = "Platforms", "Platforms", "{AD372729-4D82-484E-8C5F-841A9E5C17D0}"
EndProject
Global
	GlobalSection(SolutionConfigurationPlatforms) = preSolution
		Debug|Any CPU = Debug|Any CPU
		Debug|ARM = Debug|ARM
		Debug|iPhone = Debug|iPhone
		Debug|iPhoneSimulator = Debug|iPhoneSimulator
		Debug|x64 = Debug|x64
		Debug|x86 = Debug|x86
		Release|Any CPU = Release|Any CPU
		Release|ARM = Release|ARM
		Release|iPhone = Release|iPhone
		Release|iPhoneSimulator = Release|iPhoneSimulator
		Release|x64 = Release|x64
		Release|x86 = Release|x86
	EndGlobalSection
	GlobalSection(ProjectConfigurationPlatforms) = postSolution
		{FF0AB5C1-A352-46B1-A574-BD0CC87FC13A}.Debug|Any CPU.ActiveCfg = Debug|Any CPU
		{FF0AB5C1-A352-46B1-A574-BD0CC87FC13A}.Debug|Any CPU.Build.0 = Debug|Any CPU
		{FF0AB5C1-A352-46B1-A574-BD0CC87FC13A}.Debug|ARM.ActiveCfg = Debug|Any CPU
		{FF0AB5C1-A352-46B1-A574-BD0CC87FC13A}.Debug|ARM.Build.0 = Debug|Any CPU
		{FF0AB5C1-A352-46B1-A574-BD0CC87FC13A}.Debug|iPhone.ActiveCfg = Debug|Any CPU
		{FF0AB5C1-A352-46B1-A574-BD0CC87FC13A}.Debug|iPhone.Build.0 = Debug|Any CPU
		{FF0AB5C1-A352-46B1-A574-BD0CC87FC13A}.Debug|iPhoneSimulator.ActiveCfg = Debug|Any CPU
		{FF0AB5C1-A352-46B1-A574-BD0CC87FC13A}.Debug|iPhoneSimulator.Build.0 = Debug|Any CPU
		{FF0AB5C1-A352-46B1-A574-BD0CC87FC13A}.Debug|x64.ActiveCfg = Debug|Any CPU
		{FF0AB5C1-A352-46B1-A574-BD0CC87FC13A}.Debug|x64.Build.0 = Debug|Any CPU
		{FF0AB5C1-A352-46B1-A574-BD0CC87FC13A}.Debug|x86.ActiveCfg = Debug|Any CPU
		{FF0AB5C1-A352-46B1-A574-BD0CC87FC13A}.Debug|x86.Build.0 = Debug|Any CPU
		{FF0AB5C1-A352-46B1-A574-BD0CC87FC13A}.Release|Any CPU.ActiveCfg = Release|Any CPU
		{FF0AB5C1-A352-46B1-A574-BD0CC87FC13A}.Release|Any CPU.Build.0 = Release|Any CPU
		{FF0AB5C1-A352-46B1-A574-BD0CC87FC13A}.Release|ARM.ActiveCfg = Release|Any CPU
		{FF0AB5C1-A352-46B1-A574-BD0CC87FC13A}.Release|ARM.Build.0 = Release|Any CPU
		{FF0AB5C1-A352-46B1-A574-BD0CC87FC13A}.Release|iPhone.ActiveCfg = Release|Any CPU
		{FF0AB5C1-A352-46B1-A574-BD0CC87FC13A}.Release|iPhone.Build.0 = Release|Any CPU
		{FF0AB5C1-A352-46B1-A574-BD0CC87FC13A}.Release|iPhoneSimulator.ActiveCfg = Release|Any CPU
		{FF0AB5C1-A352-46B1-A574-BD0CC87FC13A}.Release|iPhoneSimulator.Build.0 = Release|Any CPU
		{FF0AB5C1-A352-46B1-A574-BD0CC87FC13A}.Release|x64.ActiveCfg = Release|Any CPU
		{FF0AB5C1-A352-46B1-A574-BD0CC87FC13A}.Release|x64.Build.0 = Release|Any CPU
		{FF0AB5C1-A352-46B1-A574-BD0CC87FC13A}.Release|x86.ActiveCfg = Release|Any CPU
		{FF0AB5C1-A352-46B1-A574-BD0CC87FC13A}.Release|x86.Build.0 = Release|Any CPU
		{D8E74469-B315-4389-A7AC-3AF11EC0DBB6}.Debug|Any CPU.ActiveCfg = Debug|Any CPU
		{D8E74469-B315-4389-A7AC-3AF11EC0DBB6}.Debug|Any CPU.Build.0 = Debug|Any CPU
		{D8E74469-B315-4389-A7AC-3AF11EC0DBB6}.Debug|Any CPU.Deploy.0 = Debug|Any CPU
		{D8E74469-B315-4389-A7AC-3AF11EC0DBB6}.Debug|ARM.ActiveCfg = Debug|Any CPU
		{D8E74469-B315-4389-A7AC-3AF11EC0DBB6}.Debug|ARM.Build.0 = Debug|Any CPU
		{D8E74469-B315-4389-A7AC-3AF11EC0DBB6}.Debug|ARM.Deploy.0 = Debug|Any CPU
		{D8E74469-B315-4389-A7AC-3AF11EC0DBB6}.Debug|iPhone.ActiveCfg = Debug|Any CPU
		{D8E74469-B315-4389-A7AC-3AF11EC0DBB6}.Debug|iPhone.Build.0 = Debug|Any CPU
		{D8E74469-B315-4389-A7AC-3AF11EC0DBB6}.Debug|iPhone.Deploy.0 = Debug|Any CPU
		{D8E74469-B315-4389-A7AC-3AF11EC0DBB6}.Debug|iPhoneSimulator.ActiveCfg = Debug|Any CPU
		{D8E74469-B315-4389-A7AC-3AF11EC0DBB6}.Debug|iPhoneSimulator.Build.0 = Debug|Any CPU
		{D8E74469-B315-4389-A7AC-3AF11EC0DBB6}.Debug|iPhoneSimulator.Deploy.0 = Debug|Any CPU
		{D8E74469-B315-4389-A7AC-3AF11EC0DBB6}.Debug|x64.ActiveCfg = Debug|Any CPU
		{D8E74469-B315-4389-A7AC-3AF11EC0DBB6}.Debug|x64.Build.0 = Debug|Any CPU
		{D8E74469-B315-4389-A7AC-3AF11EC0DBB6}.Debug|x64.Deploy.0 = Debug|Any CPU
		{D8E74469-B315-4389-A7AC-3AF11EC0DBB6}.Debug|x86.ActiveCfg = Debug|Any CPU
		{D8E74469-B315-4389-A7AC-3AF11EC0DBB6}.Debug|x86.Build.0 = Debug|Any CPU
		{D8E74469-B315-4389-A7AC-3AF11EC0DBB6}.Debug|x86.Deploy.0 = Debug|Any CPU
		{D8E74469-B315-4389-A7AC-3AF11EC0DBB6}.Release|Any CPU.ActiveCfg = Release|Any CPU
		{D8E74469-B315-4389-A7AC-3AF11EC0DBB6}.Release|Any CPU.Build.0 = Release|Any CPU
		{D8E74469-B315-4389-A7AC-3AF11EC0DBB6}.Release|Any CPU.Deploy.0 = Release|Any CPU
		{D8E74469-B315-4389-A7AC-3AF11EC0DBB6}.Release|ARM.ActiveCfg = Release|Any CPU
		{D8E74469-B315-4389-A7AC-3AF11EC0DBB6}.Release|ARM.Build.0 = Release|Any CPU
		{D8E74469-B315-4389-A7AC-3AF11EC0DBB6}.Release|ARM.Deploy.0 = Release|Any CPU
		{D8E74469-B315-4389-A7AC-3AF11EC0DBB6}.Release|iPhone.ActiveCfg = Release|Any CPU
		{D8E74469-B315-4389-A7AC-3AF11EC0DBB6}.Release|iPhone.Build.0 = Release|Any CPU
		{D8E74469-B315-4389-A7AC-3AF11EC0DBB6}.Release|iPhone.Deploy.0 = Release|Any CPU
		{D8E74469-B315-4389-A7AC-3AF11EC0DBB6}.Release|iPhoneSimulator.ActiveCfg = Release|Any CPU
		{D8E74469-B315-4389-A7AC-3AF11EC0DBB6}.Release|iPhoneSimulator.Build.0 = Release|Any CPU
		{D8E74469-B315-4389-A7AC-3AF11EC0DBB6}.Release|iPhoneSimulator.Deploy.0 = Release|Any CPU
		{D8E74469-B315-4389-A7AC-3AF11EC0DBB6}.Release|x64.ActiveCfg = Release|Any CPU
		{D8E74469-B315-4389-A7AC-3AF11EC0DBB6}.Release|x64.Build.0 = Release|Any CPU
		{D8E74469-B315-4389-A7AC-3AF11EC0DBB6}.Release|x64.Deploy.0 = Release|Any CPU
		{D8E74469-B315-4389-A7AC-3AF11EC0DBB6}.Release|x86.ActiveCfg = Release|Any CPU
		{D8E74469-B315-4389-A7AC-3AF11EC0DBB6}.Release|x86.Build.0 = Release|Any CPU
		{D8E74469-B315-4389-A7AC-3AF11EC0DBB6}.Release|x86.Deploy.0 = Release|Any CPU
		{F2284A68-AFB5-4700-898C-1A4FAA9A3917}.Debug|Any CPU.ActiveCfg = Debug|iPhoneSimulator
		{F2284A68-AFB5-4700-898C-1A4FAA9A3917}.Debug|ARM.ActiveCfg = Debug|iPhone
		{F2284A68-AFB5-4700-898C-1A4FAA9A3917}.Debug|iPhone.ActiveCfg = Debug|iPhoneSimulator
		{F2284A68-AFB5-4700-898C-1A4FAA9A3917}.Debug|iPhone.Build.0 = Debug|iPhoneSimulator
		{F2284A68-AFB5-4700-898C-1A4FAA9A3917}.Debug|iPhoneSimulator.ActiveCfg = Debug|iPhoneSimulator
		{F2284A68-AFB5-4700-898C-1A4FAA9A3917}.Debug|iPhoneSimulator.Build.0 = Debug|iPhoneSimulator
		{F2284A68-AFB5-4700-898C-1A4FAA9A3917}.Debug|x64.ActiveCfg = Debug|iPhone
		{F2284A68-AFB5-4700-898C-1A4FAA9A3917}.Debug|x86.ActiveCfg = Debug|iPhone
		{F2284A68-AFB5-4700-898C-1A4FAA9A3917}.Release|Any CPU.ActiveCfg = Release|iPhoneSimulator
		{F2284A68-AFB5-4700-898C-1A4FAA9A3917}.Release|ARM.ActiveCfg = Release|iPhone
		{F2284A68-AFB5-4700-898C-1A4FAA9A3917}.Release|iPhone.ActiveCfg = Release|iPhoneSimulator
		{F2284A68-AFB5-4700-898C-1A4FAA9A3917}.Release|iPhone.Build.0 = Release|iPhoneSimulator
		{F2284A68-AFB5-4700-898C-1A4FAA9A3917}.Release|iPhoneSimulator.ActiveCfg = Release|iPhoneSimulator
		{F2284A68-AFB5-4700-898C-1A4FAA9A3917}.Release|iPhoneSimulator.Build.0 = Release|iPhoneSimulator
		{F2284A68-AFB5-4700-898C-1A4FAA9A3917}.Release|x64.ActiveCfg = Release|iPhone
		{F2284A68-AFB5-4700-898C-1A4FAA9A3917}.Release|x86.ActiveCfg = Release|iPhone
		{3086067E-A420-447E-B7C9-625319BE19FE}.Debug|Any CPU.ActiveCfg = Debug|x86
		{3086067E-A420-447E-B7C9-625319BE19FE}.Debug|ARM.ActiveCfg = Debug|ARM
		{3086067E-A420-447E-B7C9-625319BE19FE}.Debug|ARM.Build.0 = Debug|ARM
		{3086067E-A420-447E-B7C9-625319BE19FE}.Debug|ARM.Deploy.0 = Debug|ARM
		{3086067E-A420-447E-B7C9-625319BE19FE}.Debug|iPhone.ActiveCfg = Debug|x86
		{3086067E-A420-447E-B7C9-625319BE19FE}.Debug|iPhoneSimulator.ActiveCfg = Debug|x86
		{3086067E-A420-447E-B7C9-625319BE19FE}.Debug|x64.ActiveCfg = Debug|x64
		{3086067E-A420-447E-B7C9-625319BE19FE}.Debug|x64.Build.0 = Debug|x64
		{3086067E-A420-447E-B7C9-625319BE19FE}.Debug|x64.Deploy.0 = Debug|x64
		{3086067E-A420-447E-B7C9-625319BE19FE}.Debug|x86.ActiveCfg = Debug|x86
		{3086067E-A420-447E-B7C9-625319BE19FE}.Debug|x86.Build.0 = Debug|x86
		{3086067E-A420-447E-B7C9-625319BE19FE}.Debug|x86.Deploy.0 = Debug|x86
		{3086067E-A420-447E-B7C9-625319BE19FE}.Release|Any CPU.ActiveCfg = Release|x86
		{3086067E-A420-447E-B7C9-625319BE19FE}.Release|ARM.ActiveCfg = Release|ARM
		{3086067E-A420-447E-B7C9-625319BE19FE}.Release|ARM.Build.0 = Release|ARM
		{3086067E-A420-447E-B7C9-625319BE19FE}.Release|ARM.Deploy.0 = Release|ARM
		{3086067E-A420-447E-B7C9-625319BE19FE}.Release|iPhone.ActiveCfg = Release|x86
		{3086067E-A420-447E-B7C9-625319BE19FE}.Release|iPhoneSimulator.ActiveCfg = Release|x86
		{3086067E-A420-447E-B7C9-625319BE19FE}.Release|x64.ActiveCfg = Release|x64
		{3086067E-A420-447E-B7C9-625319BE19FE}.Release|x64.Build.0 = Release|x64
		{3086067E-A420-447E-B7C9-625319BE19FE}.Release|x64.Deploy.0 = Release|x64
		{3086067E-A420-447E-B7C9-625319BE19FE}.Release|x86.ActiveCfg = Release|x86
		{3086067E-A420-447E-B7C9-625319BE19FE}.Release|x86.Build.0 = Release|x86
		{3086067E-A420-447E-B7C9-625319BE19FE}.Release|x86.Deploy.0 = Release|x86
	EndGlobalSection
	GlobalSection(SolutionProperties) = preSolution
		HideSolutionNode = FALSE
	EndGlobalSection
	GlobalSection(NestedProjects) = preSolution
		{FF0AB5C1-A352-46B1-A574-BD0CC87FC13A} = {3CF2D703-7757-4289-AFE9-EB09C56BCCDC}
		{D8E74469-B315-4389-A7AC-3AF11EC0DBB6} = {AD372729-4D82-484E-8C5F-841A9E5C17D0}
		{F2284A68-AFB5-4700-898C-1A4FAA9A3917} = {AD372729-4D82-484E-8C5F-841A9E5C17D0}
		{3086067E-A420-447E-B7C9-625319BE19FE} = {AD372729-4D82-484E-8C5F-841A9E5C17D0}
	EndGlobalSection
EndGlobal
